
Microsoft Visual Studio Solution File, Format Version 12.00
# Visual Studio 14
VisualStudioVersion = 14.0.25420.1
MinimumVisualStudioVersion = 10.0.40219.1
Project("{8BC9CEB8-8B4A-11D0-8D11-00A0C91BC942}") = "cs555-skeleton", "cs555-skeleton\cs555-skeleton.vcxproj", "{7E2970FA-7F05-4184-822D-B6EDB787DE58}"
EndProject
Global
	GlobalSection(SolutionConfigurationPlatforms) = preSolution
		Debug|ARM = Debug|ARM
		Debug|x64 = Debug|x64
		Release|ARM = Release|ARM
		Release|x64 = Release|x64
	EndGlobalSection
	GlobalSection(ProjectConfigurationPlatforms) = postSolution
		{7E2970FA-7F05-4184-822D-B6EDB787DE58}.Debug|ARM.ActiveCfg = Debug|Win32
		{7E2970FA-7F05-4184-822D-B6EDB787DE58}.Debug|ARM.Build.0 = Debug|Win32
		{7E2970FA-7F05-4184-822D-B6EDB787DE58}.Debug|x64.ActiveCfg = Debug|x64
		{7E2970FA-7F05-4184-822D-B6EDB787DE58}.Debug|x64.Build.0 = Debug|x64
		{7E2970FA-7F05-4184-822D-B6EDB787DE58}.Release|ARM.ActiveCfg = Release|Win32
		{7E2970FA-7F05-4184-822D-B6EDB787DE58}.Release|ARM.Build.0 = Release|Win32
		{7E2970FA-7F05-4184-822D-B6EDB787DE58}.Release|x64.ActiveCfg = Release|x64
		{7E2970FA-7F05-4184-822D-B6EDB787DE58}.Release|x64.Build.0 = Release|x64
	EndGlobalSection
	GlobalSection(SolutionProperties) = preSolution
		HideSolutionNode = FALSE
	EndGlobalSection
EndGlobal
